// !$*UTF8*$!
{
	archiveVersion = 1;
	classes = {
	};
	objectVersion = 55;
	objects = {

/* Begin PBXBuildFile section */
		AF72CB9927FC293700B7B4A5 /* AppDelegate.swift in Sources */ = {isa = PBXBuildFile; fileRef = AF72CB9827FC293700B7B4A5 /* AppDelegate.swift */; };
		AF72CB9D27FC293700B7B4A5 /* ViewController.swift in Sources */ = {isa = PBXBuildFile; fileRef = AF72CB9C27FC293700B7B4A5 /* ViewController.swift */; };
		AF72CBA227FC293B00B7B4A5 /* Assets.xcassets in Resources */ = {isa = PBXBuildFile; fileRef = AF72CBA127FC293B00B7B4A5 /* Assets.xcassets */; };
		AF72CBA527FC293B00B7B4A5 /* LaunchScreen.storyboard in Resources */ = {isa = PBXBuildFile; fileRef = AF72CBA327FC293B00B7B4A5 /* LaunchScreen.storyboard */; };
		AF72CBB027FC293B00B7B4A5 /* MyInventoryTests.swift in Sources */ = {isa = PBXBuildFile; fileRef = AF72CBAF27FC293B00B7B4A5 /* MyInventoryTests.swift */; };
		AF72CBBA27FC293B00B7B4A5 /* MyInventoryUITests.swift in Sources */ = {isa = PBXBuildFile; fileRef = AF72CBB927FC293B00B7B4A5 /* MyInventoryUITests.swift */; };
		AF72CBBC27FC293B00B7B4A5 /* MyInventoryUITestsLaunchTests.swift in Sources */ = {isa = PBXBuildFile; fileRef = AF72CBBB27FC293B00B7B4A5 /* MyInventoryUITestsLaunchTests.swift */; };
		AF72CBC927FC2A2900B7B4A5 /* Questions in Resources */ = {isa = PBXBuildFile; fileRef = AF72CBC827FC2A2900B7B4A5 /* Questions */; };
		AF72CBCC27FC2B2F00B7B4A5 /* KeyGenerator.swift in Sources */ = {isa = PBXBuildFile; fileRef = AF72CBCB27FC2B2F00B7B4A5 /* KeyGenerator.swift */; };
		AF72CBCF27FC2B5600B7B4A5 /* Inventory.swift in Sources */ = {isa = PBXBuildFile; fileRef = AF72CBCE27FC2B5600B7B4A5 /* Inventory.swift */; };
		AF72CBD227FC2B9600B7B4A5 /* Television.swift in Sources */ = {isa = PBXBuildFile; fileRef = AF72CBD127FC2B9600B7B4A5 /* Television.swift */; };
		AF72CBD427FC2BEB00B7B4A5 /* Constants.swift in Sources */ = {isa = PBXBuildFile; fileRef = AF72CBD327FC2BEB00B7B4A5 /* Constants.swift */; };
/* End PBXBuildFile section */

/* Begin PBXContainerItemProxy section */
		AF72CBAC27FC293B00B7B4A5 /* PBXContainerItemProxy */ = {
			isa = PBXContainerItemProxy;
			containerPortal = AF72CB8D27FC293700B7B4A5 /* Project object */;
			proxyType = 1;
			remoteGlobalIDString = AF72CB9427FC293700B7B4A5;
			remoteInfo = MyInventory;
		};
		AF72CBB627FC293B00B7B4A5 /* PBXContainerItemProxy */ = {
			isa = PBXContainerItemProxy;
			containerPortal = AF72CB8D27FC293700B7B4A5 /* Project object */;
			proxyType = 1;
			remoteGlobalIDString = AF72CB9427FC293700B7B4A5;
			remoteInfo = MyInventory;
		};
/* End PBXContainerItemProxy section */

/* Begin PBXFileReference section */
		AF72CB9527FC293700B7B4A5 /* MyInventory.app */ = {isa = PBXFileReference; explicitFileType = wrapper.application; includeInIndex = 0; path = MyInventory.app; sourceTree = BUILT_PRODUCTS_DIR; };
		AF72CB9827FC293700B7B4A5 /* AppDelegate.swift */ = {isa = PBXFileReference; lastKnownFileType = sourcecode.swift; path = AppDelegate.swift; sourceTree = "<group>"; };
		AF72CB9C27FC293700B7B4A5 /* ViewController.swift */ = {isa = PBXFileReference; lastKnownFileType = sourcecode.swift; path = ViewController.swift; sourceTree = "<group>"; };
		AF72CBA127FC293B00B7B4A5 /* Assets.xcassets */ = {isa = PBXFileReference; lastKnownFileType = folder.assetcatalog; path = Assets.xcassets; sourceTree = "<group>"; };
		AF72CBA427FC293B00B7B4A5 /* Base */ = {isa = PBXFileReference; lastKnownFileType = file.storyboard; name = Base; path = Base.lproj/LaunchScreen.storyboard; sourceTree = "<group>"; };
		AF72CBA627FC293B00B7B4A5 /* Info.plist */ = {isa = PBXFileReference; lastKnownFileType = text.plist.xml; path = Info.plist; sourceTree = "<group>"; };
		AF72CBAB27FC293B00B7B4A5 /* MyInventoryTests.xctest */ = {isa = PBXFileReference; explicitFileType = wrapper.cfbundle; includeInIndex = 0; path = MyInventoryTests.xctest; sourceTree = BUILT_PRODUCTS_DIR; };
		AF72CBAF27FC293B00B7B4A5 /* MyInventoryTests.swift */ = {isa = PBXFileReference; lastKnownFileType = sourcecode.swift; path = MyInventoryTests.swift; sourceTree = "<group>"; };
		AF72CBB527FC293B00B7B4A5 /* MyInventoryUITests.xctest */ = {isa = PBXFileReference; explicitFileType = wrapper.cfbundle; includeInIndex = 0; path = MyInventoryUITests.xctest; sourceTree = BUILT_PRODUCTS_DIR; };
		AF72CBB927FC293B00B7B4A5 /* MyInventoryUITests.swift */ = {isa = PBXFileReference; lastKnownFileType = sourcecode.swift; path = MyInventoryUITests.swift; sourceTree = "<group>"; };
		AF72CBBB27FC293B00B7B4A5 /* MyInventoryUITestsLaunchTests.swift */ = {isa = PBXFileReference; lastKnownFileType = sourcecode.swift; path = MyInventoryUITestsLaunchTests.swift; sourceTree = "<group>"; };
		AF72CBC827FC2A2900B7B4A5 /* Questions */ = {isa = PBXFileReference; lastKnownFileType = folder; path = Questions; sourceTree = "<group>"; };
		AF72CBCB27FC2B2F00B7B4A5 /* KeyGenerator.swift */ = {isa = PBXFileReference; lastKnownFileType = sourcecode.swift; path = KeyGenerator.swift; sourceTree = "<group>"; };
		AF72CBCE27FC2B5600B7B4A5 /* Inventory.swift */ = {isa = PBXFileReference; lastKnownFileType = sourcecode.swift; path = Inventory.swift; sourceTree = "<group>"; };
		AF72CBD127FC2B9600B7B4A5 /* Television.swift */ = {isa = PBXFileReference; lastKnownFileType = sourcecode.swift; path = Television.swift; sourceTree = "<group>"; };
		AF72CBD327FC2BEB00B7B4A5 /* Constants.swift */ = {isa = PBXFileReference; lastKnownFileType = sourcecode.swift; path = Constants.swift; sourceTree = "<group>"; };
/* End PBXFileReference section */

/* Begin PBXFrameworksBuildPhase section */
		AF72CB9227FC293700B7B4A5 /* Frameworks */ = {
			isa = PBXFrameworksBuildPhase;
			buildActionMask = 2147483647;
			files = (
			);
			runOnlyForDeploymentPostprocessing = 0;
		};
		AF72CBA827FC293B00B7B4A5 /* Frameworks */ = {
			isa = PBXFrameworksBuildPhase;
			buildActionMask = 2147483647;
			files = (
			);
			runOnlyForDeploymentPostprocessing = 0;
		};
		AF72CBB227FC293B00B7B4A5 /* Frameworks */ = {
			isa = PBXFrameworksBuildPhase;
			buildActionMask = 2147483647;
			files = (
			);
			runOnlyForDeploymentPostprocessing = 0;
		};
/* End PBXFrameworksBuildPhase section */

/* Begin PBXGroup section */
		AF72CB8C27FC293700B7B4A5 = {
			isa = PBXGroup;
			children = (
				AF72CBC827FC2A2900B7B4A5 /* Questions */,
				AF72CB9727FC293700B7B4A5 /* MyInventory */,
				AF72CBAE27FC293B00B7B4A5 /* MyInventoryTests */,
				AF72CBB827FC293B00B7B4A5 /* MyInventoryUITests */,
				AF72CB9627FC293700B7B4A5 /* Products */,
			);
			sourceTree = "<group>";
		};
		AF72CB9627FC293700B7B4A5 /* Products */ = {
			isa = PBXGroup;
			children = (
				AF72CB9527FC293700B7B4A5 /* MyInventory.app */,
				AF72CBAB27FC293B00B7B4A5 /* MyInventoryTests.xctest */,
				AF72CBB527FC293B00B7B4A5 /* MyInventoryUITests.xctest */,
			);
			name = Products;
			sourceTree = "<group>";
		};
		AF72CB9727FC293700B7B4A5 /* MyInventory */ = {
			isa = PBXGroup;
			children = (
				AF72CBD027FC2B8A00B7B4A5 /* Items */,
				AF72CBCD27FC2B4900B7B4A5 /* Inventory */,
				AF72CBCA27FC2B2200B7B4A5 /* Framework */,
				AF72CB9827FC293700B7B4A5 /* AppDelegate.swift */,
				AF72CBD327FC2BEB00B7B4A5 /* Constants.swift */,
				AF72CB9C27FC293700B7B4A5 /* ViewController.swift */,
				AF72CBA127FC293B00B7B4A5 /* Assets.xcassets */,
				AF72CBA327FC293B00B7B4A5 /* LaunchScreen.storyboard */,
				AF72CBA627FC293B00B7B4A5 /* Info.plist */,
			);
			path = MyInventory;
			sourceTree = "<group>";
		};
		AF72CBAE27FC293B00B7B4A5 /* MyInventoryTests */ = {
			isa = PBXGroup;
			children = (
				AF72CBAF27FC293B00B7B4A5 /* MyInventoryTests.swift */,
			);
			path = MyInventoryTests;
			sourceTree = "<group>";
		};
		AF72CBB827FC293B00B7B4A5 /* MyInventoryUITests */ = {
			isa = PBXGroup;
			children = (
				AF72CBB927FC293B00B7B4A5 /* MyInventoryUITests.swift */,
				AF72CBBB27FC293B00B7B4A5 /* MyInventoryUITestsLaunchTests.swift */,
			);
			path = MyInventoryUITests;
			sourceTree = "<group>";
		};
		AF72CBCA27FC2B2200B7B4A5 /* Framework */ = {
			isa = PBXGroup;
			children = (
				AF72CBCB27FC2B2F00B7B4A5 /* KeyGenerator.swift */,
			);
			path = Framework;
			sourceTree = "<group>";
		};
		AF72CBCD27FC2B4900B7B4A5 /* Inventory */ = {
			isa = PBXGroup;
			children = (
				AF72CBCE27FC2B5600B7B4A5 /* Inventory.swift */,
			);
			path = Inventory;
			sourceTree = "<group>";
		};
		AF72CBD027FC2B8A00B7B4A5 /* Items */ = {
			isa = PBXGroup;
			children = (
				AF72CBD127FC2B9600B7B4A5 /* Television.swift */,
			);
			path = Items;
			sourceTree = "<group>";
		};
/* End PBXGroup section */

/* Begin PBXNativeTarget section */
		AF72CB9427FC293700B7B4A5 /* MyInventory */ = {
			isa = PBXNativeTarget;
			buildConfigurationList = AF72CBBF27FC293B00B7B4A5 /* Build configuration list for PBXNativeTarget "MyInventory" */;
			buildPhases = (
				AF72CB9127FC293700B7B4A5 /* Sources */,
				AF72CB9227FC293700B7B4A5 /* Frameworks */,
				AF72CB9327FC293700B7B4A5 /* Resources */,
			);
			buildRules = (
			);
			dependencies = (
			);
			name = MyInventory;
			productName = MyInventory;
			productReference = AF72CB9527FC293700B7B4A5 /* MyInventory.app */;
			productType = "com.apple.product-type.application";
		};
		AF72CBAA27FC293B00B7B4A5 /* MyInventoryTests */ = {
			isa = PBXNativeTarget;
			buildConfigurationList = AF72CBC227FC293B00B7B4A5 /* Build configuration list for PBXNativeTarget "MyInventoryTests" */;
			buildPhases = (
				AF72CBA727FC293B00B7B4A5 /* Sources */,
				AF72CBA827FC293B00B7B4A5 /* Frameworks */,
				AF72CBA927FC293B00B7B4A5 /* Resources */,
			);
			buildRules = (
			);
			dependencies = (
				AF72CBAD27FC293B00B7B4A5 /* PBXTargetDependency */,
			);
			name = MyInventoryTests;
			productName = MyInventoryTests;
			productReference = AF72CBAB27FC293B00B7B4A5 /* MyInventoryTests.xctest */;
			productType = "com.apple.product-type.bundle.unit-test";
		};
		AF72CBB427FC293B00B7B4A5 /* MyInventoryUITests */ = {
			isa = PBXNativeTarget;
			buildConfigurationList = AF72CBC527FC293B00B7B4A5 /* Build configuration list for PBXNativeTarget "MyInventoryUITests" */;
			buildPhases = (
				AF72CBB127FC293B00B7B4A5 /* Sources */,
				AF72CBB227FC293B00B7B4A5 /* Frameworks */,
				AF72CBB327FC293B00B7B4A5 /* Resources */,
			);
			buildRules = (
			);
			dependencies = (
				AF72CBB727FC293B00B7B4A5 /* PBXTargetDependency */,
			);
			name = MyInventoryUITests;
			productName = MyInventoryUITests;
			productReference = AF72CBB527FC293B00B7B4A5 /* MyInventoryUITests.xctest */;
			productType = "com.apple.product-type.bundle.ui-testing";
		};
/* End PBXNativeTarget section */

/* Begin PBXProject section */
		AF72CB8D27FC293700B7B4A5 /* Project object */ = {
			isa = PBXProject;
			attributes = {
				BuildIndependentTargetsInParallel = 1;
				LastSwiftUpdateCheck = 1330;
				LastUpgradeCheck = 1330;
				TargetAttributes = {
					AF72CB9427FC293700B7B4A5 = {
						CreatedOnToolsVersion = 13.3;
					};
					AF72CBAA27FC293B00B7B4A5 = {
						CreatedOnToolsVersion = 13.3;
						TestTargetID = AF72CB9427FC293700B7B4A5;
					};
					AF72CBB427FC293B00B7B4A5 = {
						CreatedOnToolsVersion = 13.3;
						TestTargetID = AF72CB9427FC293700B7B4A5;
					};
				};
			};
			buildConfigurationList = AF72CB9027FC293700B7B4A5 /* Build configuration list for PBXProject "MyInventory" */;
			compatibilityVersion = "Xcode 13.0";
			developmentRegion = en;
			hasScannedForEncodings = 0;
			knownRegions = (
				en,
				Base,
			);
			mainGroup = AF72CB8C27FC293700B7B4A5;
			productRefGroup = AF72CB9627FC293700B7B4A5 /* Products */;
			projectDirPath = "";
			projectRoot = "";
			targets = (
				AF72CB9427FC293700B7B4A5 /* MyInventory */,
				AF72CBAA27FC293B00B7B4A5 /* MyInventoryTests */,
				AF72CBB427FC293B00B7B4A5 /* MyInventoryUITests */,
			);
		};
/* End PBXProject section */

/* Begin PBXResourcesBuildPhase section */
		AF72CB9327FC293700B7B4A5 /* Resources */ = {
			isa = PBXResourcesBuildPhase;
			buildActionMask = 2147483647;
			files = (
				AF72CBC927FC2A2900B7B4A5 /* Questions in Resources */,
				AF72CBA527FC293B00B7B4A5 /* LaunchScreen.storyboard in Resources */,
				AF72CBA227FC293B00B7B4A5 /* Assets.xcassets in Resources */,
			);
			runOnlyForDeploymentPostprocessing = 0;
		};
		AF72CBA927FC293B00B7B4A5 /* Resources */ = {
			isa = PBXResourcesBuildPhase;
			buildActionMask = 2147483647;
			files = (
			);
			runOnlyForDeploymentPostprocessing = 0;
		};
		AF72CBB327FC293B00B7B4A5 /* Resources */ = {
			isa = PBXResourcesBuildPhase;
			buildActionMask = 2147483647;
			files = (
			);
			runOnlyForDeploymentPostprocessing = 0;
		};
/* End PBXResourcesBuildPhase section */

/* Begin PBXSourcesBuildPhase section */
		AF72CB9127FC293700B7B4A5 /* Sources */ = {
			isa = PBXSourcesBuildPhase;
			buildActionMask = 2147483647;
			files = (
				AF72CBCF27FC2B5600B7B4A5 /* Inventory.swift in Sources */,
				AF72CBCC27FC2B2F00B7B4A5 /* KeyGenerator.swift in Sources */,
				AF72CB9D27FC293700B7B4A5 /* ViewController.swift in Sources */,
				AF72CBD227FC2B9600B7B4A5 /* Television.swift in Sources */,
				AF72CB9927FC293700B7B4A5 /* AppDelegate.swift in Sources */,
				AF72CBD427FC2BEB00B7B4A5 /* Constants.swift in Sources */,
			);
			runOnlyForDeploymentPostprocessing = 0;
		};
		AF72CBA727FC293B00B7B4A5 /* Sources */ = {
			isa = PBXSourcesBuildPhase;
			buildActionMask = 2147483647;
			files = (
				AF72CBB027FC293B00B7B4A5 /* MyInventoryTests.swift in Sources */,
			);
			runOnlyForDeploymentPostprocessing = 0;
		};
		AF72CBB127FC293B00B7B4A5 /* Sources */ = {
			isa = PBXSourcesBuildPhase;
			buildActionMask = 2147483647;
			files = (
				AF72CBBA27FC293B00B7B4A5 /* MyInventoryUITests.swift in Sources */,
				AF72CBBC27FC293B00B7B4A5 /* MyInventoryUITestsLaunchTests.swift in Sources */,
			);
			runOnlyForDeploymentPostprocessing = 0;
		};
/* End PBXSourcesBuildPhase section */

/* Begin PBXTargetDependency section */
		AF72CBAD27FC293B00B7B4A5 /* PBXTargetDependency */ = {
			isa = PBXTargetDependency;
			target = AF72CB9427FC293700B7B4A5 /* MyInventory */;
			targetProxy = AF72CBAC27FC293B00B7B4A5 /* PBXContainerItemProxy */;
		};
		AF72CBB727FC293B00B7B4A5 /* PBXTargetDependency */ = {
			isa = PBXTargetDependency;
			target = AF72CB9427FC293700B7B4A5 /* MyInventory */;
			targetProxy = AF72CBB627FC293B00B7B4A5 /* PBXContainerItemProxy */;
		};
/* End PBXTargetDependency section */

/* Begin PBXVariantGroup section */
		AF72CBA327FC293B00B7B4A5 /* LaunchScreen.storyboard */ = {
			isa = PBXVariantGroup;
			children = (
				AF72CBA427FC293B00B7B4A5 /* Base */,
			);
			name = LaunchScreen.storyboard;
			sourceTree = "<group>";
		};
/* End PBXVariantGroup section */

/* Begin XCBuildConfiguration section */
		AF72CBBD27FC293B00B7B4A5 /* Debug */ = {
			isa = XCBuildConfiguration;
			buildSettings = {
				ALWAYS_SEARCH_USER_PATHS = NO;
				CLANG_ANALYZER_NONNULL = YES;
				CLANG_ANALYZER_NUMBER_OBJECT_CONVERSION = YES_AGGRESSIVE;
				CLANG_CXX_LANGUAGE_STANDARD = "gnu++17";
				CLANG_ENABLE_MODULES = YES;
				CLANG_ENABLE_OBJC_ARC = YES;
				CLANG_ENABLE_OBJC_WEAK = YES;
				CLANG_WARN_BLOCK_CAPTURE_AUTORELEASING = YES;
				CLANG_WARN_BOOL_CONVERSION = YES;
				CLANG_WARN_COMMA = YES;
				CLANG_WARN_CONSTANT_CONVERSION = YES;
				CLANG_WARN_DEPRECATED_OBJC_IMPLEMENTATIONS = YES;
				CLANG_WARN_DIRECT_OBJC_ISA_USAGE = YES_ERROR;
				CLANG_WARN_DOCUMENTATION_COMMENTS = YES;
				CLANG_WARN_EMPTY_BODY = YES;
				CLANG_WARN_ENUM_CONVERSION = YES;
				CLANG_WARN_INFINITE_RECURSION = YES;
				CLANG_WARN_INT_CONVERSION = YES;
				CLANG_WARN_NON_LITERAL_NULL_CONVERSION = YES;
				CLANG_WARN_OBJC_IMPLICIT_RETAIN_SELF = YES;
				CLANG_WARN_OBJC_LITERAL_CONVERSION = YES;
				CLANG_WARN_OBJC_ROOT_CLASS = YES_ERROR;
				CLANG_WARN_QUOTED_INCLUDE_IN_FRAMEWORK_HEADER = YES;
				CLANG_WARN_RANGE_LOOP_ANALYSIS = YES;
				CLANG_WARN_STRICT_PROTOTYPES = YES;
				CLANG_WARN_SUSPICIOUS_MOVE = YES;
				CLANG_WARN_UNGUARDED_AVAILABILITY = YES_AGGRESSIVE;
				CLANG_WARN_UNREACHABLE_CODE = YES;
				CLANG_WARN__DUPLICATE_METHOD_MATCH = YES;
				COPY_PHASE_STRIP = NO;
				DEBUG_INFORMATION_FORMAT = dwarf;
				ENABLE_STRICT_OBJC_MSGSEND = YES;
				ENABLE_TESTABILITY = YES;
				GCC_C_LANGUAGE_STANDARD = gnu11;
				GCC_DYNAMIC_NO_PIC = NO;
				GCC_NO_COMMON_BLOCKS = YES;
				GCC_OPTIMIZATION_LEVEL = 0;
				GCC_PREPROCESSOR_DEFINITIONS = (
					"DEBUG=1",
					"$(inherited)",
				);
				GCC_WARN_64_TO_32_BIT_CONVERSION = YES;
				GCC_WARN_ABOUT_RETURN_TYPE = YES_ERROR;
				GCC_WARN_UNDECLARED_SELECTOR = YES;
				GCC_WARN_UNINITIALIZED_AUTOS = YES_AGGRESSIVE;
				GCC_WARN_UNUSED_FUNCTION = YES;
				GCC_WARN_UNUSED_VARIABLE = YES;
				IPHONEOS_DEPLOYMENT_TARGET = 15.4;
				MTL_ENABLE_DEBUG_INFO = INCLUDE_SOURCE;
				MTL_FAST_MATH = YES;
				ONLY_ACTIVE_ARCH = YES;
				SDKROOT = iphoneos;
				SWIFT_ACTIVE_COMPILATION_CONDITIONS = DEBUG;
				SWIFT_OPTIMIZATION_LEVEL = "-Onone";
			};
			name = Debug;
		};
		AF72CBBE27FC293B00B7B4A5 /* Release */ = {
			isa = XCBuildConfiguration;
			buildSettings = {
				ALWAYS_SEARCH_USER_PATHS = NO;
				CLANG_ANALYZER_NONNULL = YES;
				CLANG_ANALYZER_NUMBER_OBJECT_CONVERSION = YES_AGGRESSIVE;
				CLANG_CXX_LANGUAGE_STANDARD = "gnu++17";
				CLANG_ENABLE_MODULES = YES;
				CLANG_ENABLE_OBJC_ARC = YES;
				CLANG_ENABLE_OBJC_WEAK = YES;
				CLANG_WARN_BLOCK_CAPTURE_AUTORELEASING = YES;
				CLANG_WARN_BOOL_CONVERSION = YES;
				CLANG_WARN_COMMA = YES;
				CLANG_WARN_CONSTANT_CONVERSION = YES;
				CLANG_WARN_DEPRECATED_OBJC_IMPLEMENTATIONS = YES;
				CLANG_WARN_DIRECT_OBJC_ISA_USAGE = YES_ERROR;
				CLANG_WARN_DOCUMENTATION_COMMENTS = YES;
				CLANG_WARN_EMPTY_BODY = YES;
				CLANG_WARN_ENUM_CONVERSION = YES;
				CLANG_WARN_INFINITE_RECURSION = YES;
				CLANG_WARN_INT_CONVERSION = YES;
				CLANG_WARN_NON_LITERAL_NULL_CONVERSION = YES;
				CLANG_WARN_OBJC_IMPLICIT_RETAIN_SELF = YES;
				CLANG_WARN_OBJC_LITERAL_CONVERSION = YES;
				CLANG_WARN_OBJC_ROOT_CLASS = YES_ERROR;
				CLANG_WARN_QUOTED_INCLUDE_IN_FRAMEWORK_HEADER = YES;
				CLANG_WARN_RANGE_LOOP_ANALYSIS = YES;
				CLANG_WARN_STRICT_PROTOTYPES = YES;
				CLANG_WARN_SUSPICIOUS_MOVE = YES;
				CLANG_WARN_UNGUARDED_AVAILABILITY = YES_AGGRESSIVE;
				CLANG_WARN_UNREACHABLE_CODE = YES;
				CLANG_WARN__DUPLICATE_METHOD_MATCH = YES;
				COPY_PHASE_STRIP = NO;
				DEBUG_INFORMATION_FORMAT = "dwarf-with-dsym";
				ENABLE_NS_ASSERTIONS = NO;
				ENABLE_STRICT_OBJC_MSGSEND = YES;
				GCC_C_LANGUAGE_STANDARD = gnu11;
				GCC_NO_COMMON_BLOCKS = YES;
				GCC_WARN_64_TO_32_BIT_CONVERSION = YES;
				GCC_WARN_ABOUT_RETURN_TYPE = YES_ERROR;
				GCC_WARN_UNDECLARED_SELECTOR = YES;
				GCC_WARN_UNINITIALIZED_AUTOS = YES_AGGRESSIVE;
				GCC_WARN_UNUSED_FUNCTION = YES;
				GCC_WARN_UNUSED_VARIABLE = YES;
				IPHONEOS_DEPLOYMENT_TARGET = 15.4;
				MTL_ENABLE_DEBUG_INFO = NO;
				MTL_FAST_MATH = YES;
				SDKROOT = iphoneos;
				SWIFT_COMPILATION_MODE = wholemodule;
				SWIFT_OPTIMIZATION_LEVEL = "-O";
				VALIDATE_PRODUCT = YES;
			};
			name = Release;
		};
		AF72CBC027FC293B00B7B4A5 /* Debug */ = {
			isa = XCBuildConfiguration;
			buildSettings = {
				ASSETCATALOG_COMPILER_APPICON_NAME = AppIcon;
				ASSETCATALOG_COMPILER_GLOBAL_ACCENT_COLOR_NAME = AccentColor;
				CODE_SIGN_STYLE = Automatic;
				CURRENT_PROJECT_VERSION = 1;
				GENERATE_INFOPLIST_FILE = YES;
				INFOPLIST_FILE = MyInventory/Info.plist;
				INFOPLIST_KEY_UIApplicationSupportsIndirectInputEvents = YES;
				INFOPLIST_KEY_UILaunchStoryboardName = LaunchScreen;
				INFOPLIST_KEY_UISupportedInterfaceOrientations_iPad = "UIInterfaceOrientationPortrait UIInterfaceOrientationPortraitUpsideDown UIInterfaceOrientationLandscapeLeft UIInterfaceOrientationLandscapeRight";
				INFOPLIST_KEY_UISupportedInterfaceOrientations_iPhone = "UIInterfaceOrientationPortrait UIInterfaceOrientationLandscapeLeft UIInterfaceOrientationLandscapeRight";
				LD_RUNPATH_SEARCH_PATHS = (
					"$(inherited)",
					"@executable_path/Frameworks",
				);
				MARKETING_VERSION = 1.0;
				PRODUCT_BUNDLE_IDENTIFIER = com.example.myapplication;
				PRODUCT_NAME = "$(TARGET_NAME)";
				SWIFT_EMIT_LOC_STRINGS = YES;
				SWIFT_VERSION = 5.0;
				TARGETED_DEVICE_FAMILY = "1,2";
			};
			name = Debug;
		};
		AF72CBC127FC293B00B7B4A5 /* Release */ = {
			isa = XCBuildConfiguration;
			buildSettings = {
				ASSETCATALOG_COMPILER_APPICON_NAME = AppIcon;
				ASSETCATALOG_COMPILER_GLOBAL_ACCENT_COLOR_NAME = AccentColor;
				CODE_SIGN_STYLE = Automatic;
				CURRENT_PROJECT_VERSION = 1;
				GENERATE_INFOPLIST_FILE = YES;
				INFOPLIST_FILE = MyInventory/Info.plist;
				INFOPLIST_KEY_UIApplicationSupportsIndirectInputEvents = YES;
				INFOPLIST_KEY_UILaunchStoryboardName = LaunchScreen;
				INFOPLIST_KEY_UISupportedInterfaceOrientations_iPad = "UIInterfaceOrientationPortrait UIInterfaceOrientationPortraitUpsideDown UIInterfaceOrientationLandscapeLeft UIInterfaceOrientationLandscapeRight";
				INFOPLIST_KEY_UISupportedInterfaceOrientations_iPhone = "UIInterfaceOrientationPortrait UIInterfaceOrientationLandscapeLeft UIInterfaceOrientationLandscapeRight";
				LD_RUNPATH_SEARCH_PATHS = (
					"$(inherited)",
					"@executable_path/Frameworks",
				);
				MARKETING_VERSION = 1.0;
				PRODUCT_BUNDLE_IDENTIFIER = com.example.myapplication;
				PRODUCT_NAME = "$(TARGET_NAME)";
				SWIFT_EMIT_LOC_STRINGS = YES;
				SWIFT_VERSION = 5.0;
				TARGETED_DEVICE_FAMILY = "1,2";
			};
			name = Release;
		};
		AF72CBC327FC293B00B7B4A5 /* Debug */ = {
			isa = XCBuildConfiguration;
			buildSettings = {
				ALWAYS_EMBED_SWIFT_STANDARD_LIBRARIES = YES;
				BUNDLE_LOADER = "$(TEST_HOST)";
				CODE_SIGN_STYLE = Automatic;
				CURRENT_PROJECT_VERSION = 1;
				GENERATE_INFOPLIST_FILE = YES;
				IPHONEOS_DEPLOYMENT_TARGET = 15.4;
				MARKETING_VERSION = 1.0;
				PRODUCT_BUNDLE_IDENTIFIER = com.example.myapplication.MyInventoryTests;
				PRODUCT_NAME = "$(TARGET_NAME)";
				SWIFT_EMIT_LOC_STRINGS = NO;
				SWIFT_VERSION = 5.0;
				TARGETED_DEVICE_FAMILY = "1,2";
				TEST_HOST = "$(BUILT_PRODUCTS_DIR)/MyInventory.app/MyInventory";
			};
			name = Debug;
		};
		AF72CBC427FC293B00B7B4A5 /* Release */ = {
			isa = XCBuildConfiguration;
			buildSettings = {
				ALWAYS_EMBED_SWIFT_STANDARD_LIBRARIES = YES;
				BUNDLE_LOADER = "$(TEST_HOST)";
				CODE_SIGN_STYLE = Automatic;
				CURRENT_PROJECT_VERSION = 1;
				GENERATE_INFOPLIST_FILE = YES;
				IPHONEOS_DEPLOYMENT_TARGET = 15.4;
				MARKETING_VERSION = 1.0;
				PRODUCT_BUNDLE_IDENTIFIER = com.example.myapplication.MyInventoryTests;
				PRODUCT_NAME = "$(TARGET_NAME)";
				SWIFT_EMIT_LOC_STRINGS = NO;
				SWIFT_VERSION = 5.0;
				TARGETED_DEVICE_FAMILY = "1,2";
				TEST_HOST = "$(BUILT_PRODUCTS_DIR)/MyInventory.app/MyInventory";
			};
			name = Release;
		};
		AF72CBC627FC293B00B7B4A5 /* Debug */ = {
			isa = XCBuildConfiguration;
			buildSettings = {
				ALWAYS_EMBED_SWIFT_STANDARD_LIBRARIES = YES;
				CODE_SIGN_STYLE = Automatic;
				CURRENT_PROJECT_VERSION = 1;
				GENERATE_INFOPLIST_FILE = YES;
				MARKETING_VERSION = 1.0;
				PRODUCT_BUNDLE_IDENTIFIER = com.example.myapplication.MyInventoryUITests;
				PRODUCT_NAME = "$(TARGET_NAME)";
				SWIFT_EMIT_LOC_STRINGS = NO;
				SWIFT_VERSION = 5.0;
				TARGETED_DEVICE_FAMILY = "1,2";
				TEST_TARGET_NAME = MyInventory;
			};
			name = Debug;
		};
		AF72CBC727FC293B00B7B4A5 /* Release */ = {
			isa = XCBuildConfiguration;
			buildSettings = {
				ALWAYS_EMBED_SWIFT_STANDARD_LIBRARIES = YES;
				CODE_SIGN_STYLE = Automatic;
				CURRENT_PROJECT_VERSION = 1;
				GENERATE_INFOPLIST_FILE = YES;
				MARKETING_VERSION = 1.0;
				PRODUCT_BUNDLE_IDENTIFIER = com.example.myapplication.MyInventoryUITests;
				PRODUCT_NAME = "$(TARGET_NAME)";
				SWIFT_EMIT_LOC_STRINGS = NO;
				SWIFT_VERSION = 5.0;
				TARGETED_DEVICE_FAMILY = "1,2";
				TEST_TARGET_NAME = MyInventory;
			};
			name = Release;
		};
/* End XCBuildConfiguration section */

/* Begin XCConfigurationList section */
		AF72CB9027FC293700B7B4A5 /* Build configuration list for PBXProject "MyInventory" */ = {
			isa = XCConfigurationList;
			buildConfigurations = (
				AF72CBBD27FC293B00B7B4A5 /* Debug */,
				AF72CBBE27FC293B00B7B4A5 /* Release */,
			);
			defaultConfigurationIsVisible = 0;
			defaultConfigurationName = Release;
		};
		AF72CBBF27FC293B00B7B4A5 /* Build configuration list for PBXNativeTarget "MyInventory" */ = {
			isa = XCConfigurationList;
			buildConfigurations = (
				AF72CBC027FC293B00B7B4A5 /* Debug */,
				AF72CBC127FC293B00B7B4A5 /* Release */,
			);
			defaultConfigurationIsVisible = 0;
			defaultConfigurationName = Release;
		};
		AF72CBC227FC293B00B7B4A5 /* Build configuration list for PBXNativeTarget "MyInventoryTests" */ = {
			isa = XCConfigurationList;
			buildConfigurations = (
				AF72CBC327FC293B00B7B4A5 /* Debug */,
				AF72CBC427FC293B00B7B4A5 /* Release */,
			);
			defaultConfigurationIsVisible = 0;
			defaultConfigurationName = Release;
		};
		AF72CBC527FC293B00B7B4A5 /* Build configuration list for PBXNativeTarget "MyInventoryUITests" */ = {
			isa = XCConfigurationList;
			buildConfigurations = (
				AF72CBC627FC293B00B7B4A5 /* Debug */,
				AF72CBC727FC293B00B7B4A5 /* Release */,
			);
			defaultConfigurationIsVisible = 0;
			defaultConfigurationName = Release;
		};
/* End XCConfigurationList section */
	};
	rootObject = AF72CB8D27FC293700B7B4A5 /* Project object */;
}
